
Microsoft Visual Studio Solution File, Format Version 12.00
# Visual Studio Version 17
VisualStudioVersion = 17.14.36623.8 d17.14
MinimumVisualStudioVersion = 10.0.40219.1
Project("{FAE04EC0-301F-11D3-BF4B-00C04F79EFBC}") = "CheeksExec", "CheeksExec\CheeksExec.csproj", "{A840A06C-F3C6-4EE9-AF6F-E753AE50FA4E}"
EndProject
Global
	GlobalSection(SolutionConfigurationPlatforms) = preSolution
		Debug|Any CPU = Debug|Any CPU
		Debug|x64 = Debug|x64
		Release|Any CPU = Release|Any CPU
		Release|x64 = Release|x64
	EndGlobalSection
	GlobalSection(ProjectConfigurationPlatforms) = postSolution
		{A840A06C-F3C6-4EE9-AF6F-E753AE50FA4E}.Debug|Any CPU.ActiveCfg = Debug|Any CPU
		{A840A06C-F3C6-4EE9-AF6F-E753AE50FA4E}.Debug|Any CPU.Build.0 = Debug|Any CPU
		{A840A06C-F3C6-4EE9-AF6F-E753AE50FA4E}.Debug|x64.ActiveCfg = Debug|x64
		{A840A06C-F3C6-4EE9-AF6F-E753AE50FA4E}.Debug|x64.Build.0 = Debug|x64
		{A840A06C-F3C6-4EE9-AF6F-E753AE50FA4E}.Release|Any CPU.ActiveCfg = Release|Any CPU
		{A840A06C-F3C6-4EE9-AF6F-E753AE50FA4E}.Release|Any CPU.Build.0 = Release|Any CPU
		{A840A06C-F3C6-4EE9-AF6F-E753AE50FA4E}.Release|x64.ActiveCfg = Release|x64
		{A840A06C-F3C6-4EE9-AF6F-E753AE50FA4E}.Release|x64.Build.0 = Release|x64
	EndGlobalSection
	GlobalSection(SolutionProperties) = preSolution
		HideSolutionNode = FALSE
	EndGlobalSection
	GlobalSection(ExtensibilityGlobals) = postSolution
		SolutionGuid = {83C8C23D-551C-4590-94B2-C4787BE70AFD}
	EndGlobalSection
EndGlobal
